# This file is autogenerated, do not edit; changes may be undone by the next 'dep ensure'.


[[projects]]
  branch = "master"
  digest = "1:24c87aa76d12bbe5129d808335c215907b2bf8b373475465f23f03ebbac71ef7"
  name = "git.schwanenlied.me/yawning/aez.git"
  packages = ["."]
  pruneopts = ""
  revision = "ec7426b4492636b9b39cb6e173e7423500107163"

[[projects]]
  branch = "master"
  digest = "1:0e6a472623d90510aea46b178a484a5bfcc972af8dc7a01d6ad50d1f61e7fc7c"
  name = "git.schwanenlied.me/yawning/avl.git"
  packages = ["."]
  pruneopts = ""
  revision = "04c7c776e3914c0822035b41af4e9b1b710b0c8c"

[[projects]]
  branch = "master"
  digest = "1:bbea91c52dc7504c4e1d4e898c99335db330081d60347be5f5c29160a33ce025"
  name = "git.schwanenlied.me/yawning/bloom.git"
  packages = ["."]
  pruneopts = ""
  revision = "44d6c5c71ed1f628f2846e98daf730de9191e663"

[[projects]]
  branch = "master"
  digest = "1:3ae08c929a64bad23efa843b41224db11a20ffdb7a3a1b779fceffd1d4f07215"
  name = "git.schwanenlied.me/yawning/bsaes.git"
  packages = [
    ".",
    "ct32",
    "ct64",
    "ghash",
    "internal/modes",
  ]
  pruneopts = ""
  revision = "26d1add596b6d800bdeeb3bc3b2c7b316c056b6d"

[[projects]]
  branch = "master"
  digest = "1:651a17ddb644cc302f87a9bad50894a9bcfafcff1f1634c4fd55f66c05f0d42b"
  name = "git.schwanenlied.me/yawning/chacha20"
  packages = ["."]
  pruneopts = ""
  revision = "e3b1f968fc6397b51d963fee8ec8711a47bc0ce8"

[[projects]]
  branch = "master"
  digest = "1:651a17ddb644cc302f87a9bad50894a9bcfafcff1f1634c4fd55f66c05f0d42b"
  name = "git.schwanenlied.me/yawning/chacha20.git"
  packages = ["."]
  pruneopts = ""
  revision = "e3b1f968fc6397b51d963fee8ec8711a47bc0ce8"

[[projects]]
  branch = "master"
  digest = "1:2f05826e75dfd6231c9752ff421bd0cb56b046e728c430ea1a0b812b23124f12"
  name = "git.schwanenlied.me/yawning/newhope.git"
  packages = ["."]
  pruneopts = ""
  revision = "9598792ba8f205d72c9b5b639b0d2827cbb7d8b9"

[[projects]]
  digest = "1:e4b30804a381d7603b8a344009987c1ba351c26043501b23b8c7ce21f0b67474"
  name = "github.com/BurntSushi/toml"
  packages = ["."]
  pruneopts = ""
  revision = "3012a1dbe2e4bd1391d42b32f0577cb7bbc7f005"
  version = "v0.3.1"

[[projects]]
  branch = "master"
  digest = "1:7c95e6ada3cb4c4034a75f88a137400dfe7cbd5823c66b2ec4b014018b537ff7"
  name = "github.com/agl/ed25519"
  packages = [
    "edwards25519",
    "extra25519",
  ]
  pruneopts = ""
  revision = "5312a61534124124185d41f09206b9fef1d88403"

[[projects]]
  digest = "1:a434b4f8c58b32c879170ef48dd400c3cc9c7b6c56a2d2118b93a4575e889319"
  name = "github.com/coreos/bbolt"
  packages = ["."]
  pruneopts = ""
  revision = "a0458a2b35708eef59eb5f620ceb3cd1c01a824d"
  version = "v1.3.3"

[[projects]]
  digest = "1:0deddd908b6b4b768cfc272c16ee61e7088a60f7fe2f06c547bd3d8e1f8b8e77"
  name = "github.com/davecgh/go-spew"
  packages = ["spew"]
  pruneopts = ""
  revision = "8991bc29aa16c548c550c7ff78260e27b9ab7c73"
  version = "v1.1.1"

[[projects]]
  digest = "1:6dcae7d5f78aa5e72824f3fa4a34c17dd20353a37d5cced19bf4b0371f67817c"
  name = "github.com/dchest/siphash"
  packages = ["."]
  pruneopts = ""
  revision = "34f201214d993633bb24f418ba11736ab8b55aa7"
  version = "v1.2.1"

[[projects]]
  digest = "1:d8d46d21073d0f65daf1740ebf4629c65e04bf92e14ce93c2201e8624843c3d3"
  name = "github.com/eapache/queue"
  packages = ["."]
  pruneopts = ""
  revision = "44cc805cf13205b55f69e14bcb69867d1ae92f98"
  version = "v1.1.0"

[[projects]]
  digest = "1:b3c5b95e56c06f5aa72cb2500e6ee5f44fcd122872d4fec2023a488e561218bc"
  name = "github.com/hpcloud/tail"
  packages = [
    ".",
    "ratelimiter",
    "util",
    "watch",
    "winfile",
  ]
  pruneopts = ""
  revision = "a30252cb686a21eb2d0b98132633053ec2f7f1e5"
  version = "v1.0.0"

[[projects]]
  digest = "1:04e02fb6a670a17fdc1bd6147524fd0ed2f2dac359b7024c821375dcb7a103b6"
  name = "github.com/jackc/pgx"
  packages = [
    ".",
    "chunkreader",
    "internal/sanitize",
    "pgio",
    "pgproto3",
    "pgtype",
  ]
  pruneopts = ""
  revision = "c59c9cac59ab95eceb0c12ff338923c62f411ea2"
  version = "v3.3.0"

[[projects]]
  digest = "1:32911d15ba459f7843d8228fd35e763c420826431acdb82f25964f67f3dfce20"
  name = "github.com/katzenpost/authority"
  packages = [
    "internal/s11n",
    "nonvoting/client",
    "nonvoting/server",
    "nonvoting/server/config",
    "voting/client",
    "voting/server",
    "voting/server/config",
  ]
  pruneopts = ""
  revision = "aa75bd36c6debca9e28363ef7d45af3d1d3c2e7f"
  version = "v0.0.8"

[[projects]]
  digest = "1:bb51b02666fdcd261e3f1fd9bda10caddaf1ca9f8e2ed52bc0d9c20455d96bd3"
  name = "github.com/katzenpost/core"
  packages = [
    "constants",
    "crypto/cert",
    "crypto/ecdh",
    "crypto/eddsa",
    "crypto/rand",
    "epochtime",
    "log",
    "monotime",
    "pki",
    "queue",
    "sphinx",
    "sphinx/commands",
    "sphinx/constants",
    "sphinx/internal/crypto",
    "sphinx/path",
    "thwack",
    "utils",
    "wire",
    "wire/commands",
    "worker",
  ]
  pruneopts = ""
  revision = "c69b5362029448e54320a6523b4d512a581ad994"
  version = "v0.0.7"

[[projects]]
  digest = "1:4fed42d1b2a15cc0dbf7364da744a5d676f7d09950ba6d766af364eae4fe11b5"
  name = "github.com/katzenpost/kimchi"
  packages = ["."]
  pruneopts = ""
  revision = "fa30d7dd39db9333aaa0a8b0db310e5add854b9e"

[[projects]]
  digest = "1:2f6be1cae316ef1b8df291a7fc15960a5a96f83013db5fd7661c29bfef9d7647"
  name = "github.com/katzenpost/minclient"
  packages = ["."]
  pruneopts = ""
  revision = "01a7c28bfefe7b3e0794f1cbb4dde06fa863f2c0"
  version = "v0.0.5"

[[projects]]
  branch = "master"
  digest = "1:edae6fbfb9e116e12cdaa7d95998bd55acece9e4b9049e90941ffd1d5c24e33c"
  name = "github.com/katzenpost/noise"
  packages = ["."]
  pruneopts = ""
  revision = "a6bec72d870aedede0aac380c6c55af0866fad74"

[[projects]]
  digest = "1:c65a248249e8c603b5177ad8bdb4e656da2efee965c042ebd35e1c9697a0d9cf"
  name = "github.com/katzenpost/registration_client"
  packages = ["."]
  pruneopts = ""
  revision = "dc8326f6b77432ad054557e429ad1338e0331b9f"
  version = "v0.0.1"

[[projects]]
  digest = "1:a2a0241899c4e34a2546c925ee9a3fb0e0d97e64a3080d27983157f268f7e8f3"
  name = "github.com/katzenpost/server"
  packages = [
    ".",
    "cborplugin",
    "config",
    "internal/constants",
    "internal/cryptoworker",
    "internal/debug",
    "internal/decoy",
    "internal/glue",
    "internal/incoming",
    "internal/mixkey",
    "internal/outgoing",
    "internal/packet",
    "internal/pki",
    "internal/pkicache",
    "internal/provider",
    "internal/provider/kaetzchen",
    "internal/scheduler",
    "internal/sqldb",
    "registration",
    "spool",
    "spool/boltspool",
    "userdb",
    "userdb/boltuserdb",
    "userdb/externuserdb",
  ]
  pruneopts = ""
  revision = "1783439eb761b2bba99f8c07212db4653b96dc4c"
  version = "v0.0.7"

[[projects]]
  digest = "1:1d7e1867c49a6dd9856598ef7c3123604ea3daabf5b83f303ff457bcbc410b1d"
  name = "github.com/pkg/errors"
  packages = ["."]
  pruneopts = ""
  revision = "ba968bfe8b2f7e042a574c888954fccecfa385b4"
  version = "v0.8.1"

[[projects]]
  digest = "1:256484dbbcd271f9ecebc6795b2df8cad4c458dd0f5fd82a8c2fa0c29f233411"
  name = "github.com/pmezard/go-difflib"
  packages = ["difflib"]
  pruneopts = ""
  revision = "792786c7400a136282c1664665ae0a8db921c6c2"
  version = "v1.0.0"

[[projects]]
  digest = "1:381bcbeb112a51493d9d998bbba207a529c73dbb49b3fd789e48c63fac1f192c"
  name = "github.com/stretchr/testify"
  packages = ["assert"]
  pruneopts = ""
  revision = "ffdc059bfe9ce6a4e144ba849dbedead332c6053"
  version = "v1.3.0"

[[projects]]
  digest = "1:152bb9c7b128f6d8204e1676bb1a79cdaac9b3d40e495048282823ff6f5fb3d4"
  name = "github.com/ugorji/go"
  packages = ["codec"]
  pruneopts = ""
  revision = "23ab95ef5dc3b70286760af84ce2327a2b64ed62"
  version = "v1.1.7"

[[projects]]
  branch = "master"
  digest = "1:086760278d762dbb0e9a26e09b57f04c89178c86467d8d94fae47d64c222f328"
  name = "golang.org/x/crypto"
  packages = [
    "blake2b",
    "blake2s",
    "chacha20poly1305",
    "curve25519",
    "ed25519",
    "ed25519/internal/edwards25519",
    "internal/chacha20",
    "internal/subtle",
    "poly1305",
    "sha3",
  ]
  pruneopts = ""
  revision = "4def268fd1a49955bfb3dda92fe3db4f924f2285"

[[projects]]
  branch = "master"
  digest = "1:31cd6e3c114e17c5f0c9e8b0bcaa3025ab3c221ce36323c7ce1acaa753d0d0aa"
  name = "golang.org/x/net"
  packages = [
    "idna",
    "internal/socks",
    "proxy",
  ]
  pruneopts = ""
  revision = "da137c7871d730100384dbcf36e6f8fa493aef5b"

[[projects]]
  branch = "master"
  digest = "1:8d8dab33e614e3839a47bbb340189458c28c58e60655023d20eeb92b7300768a"
  name = "golang.org/x/sys"
  packages = [
    "cpu",
    "unix",
  ]
  pruneopts = ""
  revision = "fae7ac547cb717d141c433a2a173315e216b64c4"

[[projects]]
  digest = "1:740b51a55815493a8d0f2b1e0d0ae48fe48953bf7eaf3fcc4198823bf67768c0"
  name = "golang.org/x/text"
  packages = [
    "cases",
    "collate",
    "collate/build",
    "internal",
    "internal/colltab",
    "internal/gen",
    "internal/language",
    "internal/language/compact",
    "internal/tag",
    "internal/triegen",
    "internal/ucd",
    "language",
    "runes",
    "secure/bidirule",
    "secure/precis",
    "transform",
    "unicode/bidi",
    "unicode/cldr",
    "unicode/norm",
    "unicode/rangetable",
    "width",
  ]
  pruneopts = ""
  revision = "342b2e1fbaa52c93f31447ad2c6abc048c63e475"
  version = "v0.3.2"

[[projects]]
  digest = "1:ea959741586120518b3d51d0921fd7c789883036444502f5411273dcb2e59e5f"
  name = "gopkg.in/eapache/channels.v1"
  packages = ["."]
  pruneopts = ""
  revision = "47238d5aae8c0fefd518ef2bee46290909cf8263"
  version = "v1.1.0"

[[projects]]
  digest = "1:eb53021a8aa3f599d29c7102e65026242bdedce998a54837dc67f14b6a97c5fd"
  name = "gopkg.in/fsnotify.v1"
  packages = ["."]
  pruneopts = ""
  revision = "c2828203cd70a50dcccfb2761f8b1f8ceef9a8e9"
  source = "https://github.com/fsnotify/fsnotify/archive/v1.4.7.tar.gz"
  version = "v1.4.7"

[[projects]]
  digest = "1:8e4f739f290a3d6f38b7b6d8f704be3fbff599f755e16745a1983f3e6e1b0b7e"
  name = "gopkg.in/op/go-logging.v1"
  packages = ["."]
  pruneopts = ""
  revision = "b2cb9fa56473e98db8caba80237377e83fe44db5"
  version = "v1"

[[projects]]
  branch = "v1"
  digest = "1:a96d16bd088460f2e0685d46c39bcf1208ba46e0a977be2df49864ec7da447dd"
  name = "gopkg.in/tomb.v1"
  packages = ["."]
  pruneopts = ""
  revision = "dd632973f1e7218eb1089048e0798ec9ae7dceb8"

[solve-meta]
  analyzer-name = "dep"
  analyzer-version = 1
  input-imports = [
    "github.com/BurntSushi/toml",
    "github.com/coreos/bbolt",
    "github.com/katzenpost/authority/nonvoting/client",
    "github.com/katzenpost/authority/voting/client",
    "github.com/katzenpost/authority/voting/server/config",
    "github.com/katzenpost/core/constants",
    "github.com/katzenpost/core/crypto/ecdh",
    "github.com/katzenpost/core/crypto/eddsa",
    "github.com/katzenpost/core/crypto/rand",
    "github.com/katzenpost/core/epochtime",
    "github.com/katzenpost/core/log",
    "github.com/katzenpost/core/pki",
    "github.com/katzenpost/core/queue",
    "github.com/katzenpost/core/sphinx",
    "github.com/katzenpost/core/sphinx/constants",
    "github.com/katzenpost/core/utils",
    "github.com/katzenpost/core/worker",
    "github.com/katzenpost/kimchi",
    "github.com/katzenpost/minclient",
    "github.com/katzenpost/registration_client",
    "github.com/stretchr/testify/assert",
    "golang.org/x/net/idna",
    "golang.org/x/net/proxy",
    "gopkg.in/op/go-logging.v1",
  ]
  solver-name = "gps-cdcl"
  solver-version = 1
